{
  "name": "lineastelefonicas-spectrumcss",
  "version": "1.0.0",
  "lockfileVersion": 1,
  "requires": true,
  "dependencies": {
    "@adobe/spectrum-css-workflow-icons": {
      "version": "1.0.0",
      "resolved": "https://registry.npmjs.org/@adobe/spectrum-css-workflow-icons/-/spectrum-css-workflow-icons-1.0.0.tgz",
      "integrity": "sha512-aJbk7XhsUNefoufMpneq2aIT3VuD++KUY0C08VKbt5p/WOW0aDX8WYavUxW4oiK5cAgsvapcaPaS+eWpBMwXLg=="
    },
    "@spectrum-css/button": {
      "version": "3.0.0-beta.3",
      "resolved": "https://registry.npmjs.org/@spectrum-css/button/-/button-3.0.0-beta.3.tgz",
      "integrity": "sha512-C9g1ZJrq0fGs9Vu5z/Ft+Cr/plnSWtsk8rK394yAyOrQQym0zajiTvIMJLDlu764ah6k/4PkyPXmN+28/8vJSw=="
    },
    "@spectrum-css/card": {
      "version": "3.0.0-beta.3",
      "resolved": "https://registry.npmjs.org/@spectrum-css/card/-/card-3.0.0-beta.3.tgz",
      "integrity": "sha512-deOx4ldZJyNlKAAjwRXQ1LsmrAQJrBaKIEaso0J7PQQ0fLM4qmo+LW2Vli1lPY4fedY2F4LBb9nf0WQ6uE4Mdg=="
    },
    "@spectrum-css/fieldlabel": {
      "version": "3.0.0-beta.4",
      "resolved": "https://registry.npmjs.org/@spectrum-css/fieldlabel/-/fieldlabel-3.0.0-beta.4.tgz",
      "integrity": "sha512-7FBBaNnm0+ZVgJ7jn8Bd6+i6g+U8mo9pCNHYvNk1+6VrlB4TWJC2oWhpH0VxO5XBu1j9nq46fhAO7/bQ6xxO+w=="
    },
    "@spectrum-css/icon": {
      "version": "2.1.1",
      "resolved": "https://registry.npmjs.org/@spectrum-css/icon/-/icon-2.1.1.tgz",
      "integrity": "sha512-Ddnjw3YTZiuJC8uVJ9x6i+ufQN+Vp4vibc+YxE7nXn8tWzT8zTRzwv6oHwSG9m+KzonTfnwqPuQx6ZA8vbK9xA=="
    },
    "@spectrum-css/page": {
      "version": "2.0.7",
      "resolved": "https://registry.npmjs.org/@spectrum-css/page/-/page-2.0.7.tgz",
      "integrity": "sha512-0e8gne8/3yuEjkbbT7F+K/E15Z2BbL/q/r+Z2KM9Kew6uLnTJawFzUPR67zcSVZw8LicWVMxVu9o5KbhEhXMcw==",
      "requires": {
        "@spectrum-css/vars": "^2.3.0"
      }
    },
    "@spectrum-css/typography": {
      "version": "2.1.3",
      "resolved": "https://registry.npmjs.org/@spectrum-css/typography/-/typography-2.1.3.tgz",
      "integrity": "sha512-73lu0Le1zt+etNTS+kJsn+0TJzpy8aiTT6TCkVuJyUY9yxLcKXdV7mYRaz4U7jEYn39MKpndGFXkA7Qq0u16dw=="
    },
    "@spectrum-css/vars": {
      "version": "2.3.0",
      "resolved": "https://registry.npmjs.org/@spectrum-css/vars/-/vars-2.3.0.tgz",
      "integrity": "sha512-k4YwFbv9+7QzBrc3ezvGuHxI3nDTG/6qJsAmhYS1vEyxpxjKmRfiz59P+fqT12PQNjxeNYHyVz1kRgaLA6gw2w=="
    },
    "bootstrap": {
      "version": "4.5.0",
      "resolved": "https://registry.npmjs.org/bootstrap/-/bootstrap-4.5.0.tgz",
      "integrity": "sha512-Z93QoXvodoVslA+PWNdk23Hze4RBYIkpb5h8I2HY2Tu2h7A0LpAgLcyrhrSUyo2/Oxm2l1fRZPs1e5hnxnliXA=="
    },
    "loadicons": {
      "version": "1.0.0",
      "resolved": "https://registry.npmjs.org/loadicons/-/loadicons-1.0.0.tgz",
      "integrity": "sha512-KSywiudfuOK5sTdhNMM8hwRpMxZ5TbQlU4ZijMxUFwRW7jpxUmb9YJoLIzDn7+xuxeLzCZWBmLJS2JDjDWCpsw=="
    }
  }
}
